{
  "requires": true,
  "lockfileVersion": 1,
  "dependencies": {
    "@types/zen-observable": {
      "version": "0.8.0",
      "resolved": "https://registry.npmjs.org/@types/zen-observable/-/zen-observable-0.8.0.tgz",
      "integrity": "sha512-te5lMAWii1uEJ4FwLjzdlbw3+n0FZNOvFXHxQDKeT0dilh7HOzdMzV2TrJVUzq8ep7J4Na8OUYPRLSQkJHAlrg=="
    },
    "apollo-cache": {
      "version": "1.1.25",
      "resolved": "https://registry.npmjs.org/apollo-cache/-/apollo-cache-1.1.25.tgz",
      "integrity": "sha512-9HhI/tVEHAeGaJJvi1Vpf6PzXUCA0PqNbigi2G3uOc180JjxbcaBvEbKXMEDb/UyTXkFWzI4PiPDuDQFqmIMSA==",
      "requires": {
        "apollo-utilities": "^1.1.2",
        "tslib": "^1.9.3"
      }
    },
    "apollo-cache-inmemory": {
      "version": "1.4.2",
      "resolved": "https://registry.npmjs.org/apollo-cache-inmemory/-/apollo-cache-inmemory-1.4.2.tgz",
      "integrity": "sha512-fDVmj5j1e3W+inyuSwjIcMgbQ4edcFgmiKTBMFAEKAq0jg33X7FrbDX8JT2t5Vuf75Mva50JDlt5wXdu7C6WuA==",
      "requires": {
        "apollo-cache": "^1.1.25",
        "apollo-utilities": "^1.1.2",
        "optimism": "^0.6.9",
        "tslib": "^1.9.3"
      }
    },
    "apollo-client": {
      "version": "2.4.12",
      "resolved": "https://registry.npmjs.org/apollo-client/-/apollo-client-2.4.12.tgz",
      "integrity": "sha512-E5ClFSB9btJLYibLKwLDSCg+w9tI+25eZgXOM+DClawu7of4d/xhuV/xvpuZpsMP3qwrp0QPacBnfG4tUJs3/w==",
      "requires": {
        "@types/zen-observable": "^0.8.0",
        "apollo-cache": "1.1.25",
        "apollo-link": "^1.0.0",
        "apollo-link-dedup": "^1.0.0",
        "apollo-utilities": "1.1.2",
        "symbol-observable": "^1.0.2",
        "tslib": "^1.9.3",
        "zen-observable": "^0.8.0"
      }
    },
    "apollo-link": {
      "version": "1.2.6",
      "resolved": "https://registry.npmjs.org/apollo-link/-/apollo-link-1.2.6.tgz",
      "integrity": "sha512-sUNlA20nqIF3gG3F8eyMD+mO80fmf3dPZX+GUOs3MI9oZR8ug09H3F0UsWJMcpEg6h55Yy5wZ+BMmAjrbenF/Q==",
      "requires": {
        "apollo-utilities": "^1.0.0",
        "zen-observable-ts": "^0.8.13"
      }
    },
    "apollo-link-dedup": {
      "version": "1.0.13",
      "resolved": "https://registry.npmjs.org/apollo-link-dedup/-/apollo-link-dedup-1.0.13.tgz",
      "integrity": "sha512-i4NuqT3DSFczFcC7NMUzmnYjKX7NggLY+rqYVf+kE9JjqKOQhT6wqhaWsVIABfIUGE/N0DTgYJBCMu/18aXmYA==",
      "requires": {
        "apollo-link": "^1.2.6"
      }
    },
    "apollo-utilities": {
      "version": "1.1.2",
      "resolved": "https://registry.npmjs.org/apollo-utilities/-/apollo-utilities-1.1.2.tgz",
      "integrity": "sha512-EjDx8vToK+zkWIxc76ZQY/irRX52puNg04xf/w8R0kVTDAgHuVfnFVC01O5vE25kFnIaa5em0pFI0p9b6YMkhQ==",
      "requires": {
        "fast-json-stable-stringify": "^2.0.0",
        "tslib": "^1.9.3"
      }
    },
    "fast-json-stable-stringify": {
      "version": "2.0.0",
      "resolved": "https://registry.npmjs.org/fast-json-stable-stringify/-/fast-json-stable-stringify-2.0.0.tgz",
      "integrity": "sha1-1RQsDK7msRifh9OnYREGT4bIu/I="
    },
    "immutable-tuple": {
      "version": "0.4.10",
      "resolved": "https://registry.npmjs.org/immutable-tuple/-/immutable-tuple-0.4.10.tgz",
      "integrity": "sha512-45jheDbc3Kr5Cw8EtDD+4woGRUV0utIrJBZT8XH0TPZRfm8tzT0/sLGGzyyCCFqFMG5Pv5Igf3WY/arn6+8V9Q=="
    },
    "optimism": {
      "version": "0.6.9",
      "resolved": "https://registry.npmjs.org/optimism/-/optimism-0.6.9.tgz",
      "integrity": "sha512-xoQm2lvXbCA9Kd7SCx6y713Y7sZ6fUc5R6VYpoL5M6svKJbTuvtNopexK8sO8K4s0EOUYHuPN2+yAEsNyRggkQ==",
      "requires": {
        "immutable-tuple": "^0.4.9"
      }
    },
    "symbol-observable": {
      "version": "1.2.0",
      "resolved": "https://registry.npmjs.org/symbol-observable/-/symbol-observable-1.2.0.tgz",
      "integrity": "sha512-e900nM8RRtGhlV36KGEU9k65K3mPb1WV70OdjfxlG2EAuM1noi/E/BaW/uMhL7bPEssK8QV57vN3esixjUvcXQ=="
    },
    "tslib": {
      "version": "1.9.3",
      "resolved": "https://registry.npmjs.org/tslib/-/tslib-1.9.3.tgz",
      "integrity": "sha512-4krF8scpejhaOgqzBEcGM7yDIEfi0/8+8zDRZhNZZ2kjmHJ4hv3zCbQWxoJGz1iw5U0Jl0nma13xzHXcncMavQ=="
    },
    "zen-observable": {
      "version": "0.8.13",
      "resolved": "https://registry.npmjs.org/zen-observable/-/zen-observable-0.8.13.tgz",
      "integrity": "sha512-fa+6aDUVvavYsefZw0zaZ/v3ckEtMgCFi30sn91SEZea4y/6jQp05E3omjkX91zV6RVdn15fqnFZ6RKjRGbp2g=="
    },
    "zen-observable-ts": {
      "version": "0.8.13",
      "resolved": "https://registry.npmjs.org/zen-observable-ts/-/zen-observable-ts-0.8.13.tgz",
      "integrity": "sha512-WDb8SM0tHCb6c0l1k60qXWlm1ok3zN9U4VkLdnBKQwIYwUoB9psH7LIFgR+JVCCMmBxUgOjskIid8/N02k/2Bg==",
      "requires": {
        "zen-observable": "^0.8.0"
      }
    }
  }
}
